
Microsoft Visual Studio Solution File, Format Version 12.00
# Visual Studio 14
VisualStudioVersion = 14.0.24720.0
MinimumVisualStudioVersion = 10.0.40219.1
Project("{FAE04EC0-301F-11D3-BF4B-00C04F79EFBC}") = "Task1", "Task1\Task1.csproj", "{473C9C51-1D37-4299-9C32-7290FBA24402}"
EndProject
Project("{FAE04EC0-301F-11D3-BF4B-00C04F79EFBC}") = "Task1CUI", "Task1CUI\Task1CUI.csproj", "{935883D3-1C9A-40C7-A47E-CFC9B31A337E}"
EndProject
Project("{FAE04EC0-301F-11D3-BF4B-00C04F79EFBC}") = "Task1Criterions", "Task1Criterions\Task1Criterions.csproj", "{41AC5C6A-952C-4591-8E43-79612C4F8D5F}"
EndProject
Global
	GlobalSection(SolutionConfigurationPlatforms) = preSolution
		Debug|Any CPU = Debug|Any CPU
		Release|Any CPU = Release|Any CPU
	EndGlobalSection
	GlobalSection(ProjectConfigurationPlatforms) = postSolution
		{473C9C51-1D37-4299-9C32-7290FBA24402}.Debug|Any CPU.ActiveCfg = Debug|Any CPU
		{473C9C51-1D37-4299-9C32-7290FBA24402}.Debug|Any CPU.Build.0 = Debug|Any CPU
		{473C9C51-1D37-4299-9C32-7290FBA24402}.Release|Any CPU.ActiveCfg = Release|Any CPU
		{473C9C51-1D37-4299-9C32-7290FBA24402}.Release|Any CPU.Build.0 = Release|Any CPU
		{935883D3-1C9A-40C7-A47E-CFC9B31A337E}.Debug|Any CPU.ActiveCfg = Debug|Any CPU
		{935883D3-1C9A-40C7-A47E-CFC9B31A337E}.Debug|Any CPU.Build.0 = Debug|Any CPU
		{935883D3-1C9A-40C7-A47E-CFC9B31A337E}.Release|Any CPU.ActiveCfg = Release|Any CPU
		{935883D3-1C9A-40C7-A47E-CFC9B31A337E}.Release|Any CPU.Build.0 = Release|Any CPU
		{41AC5C6A-952C-4591-8E43-79612C4F8D5F}.Debug|Any CPU.ActiveCfg = Debug|Any CPU
		{41AC5C6A-952C-4591-8E43-79612C4F8D5F}.Debug|Any CPU.Build.0 = Debug|Any CPU
		{41AC5C6A-952C-4591-8E43-79612C4F8D5F}.Release|Any CPU.ActiveCfg = Release|Any CPU
		{41AC5C6A-952C-4591-8E43-79612C4F8D5F}.Release|Any CPU.Build.0 = Release|Any CPU
	EndGlobalSection
	GlobalSection(SolutionProperties) = preSolution
		HideSolutionNode = FALSE
	EndGlobalSection
EndGlobal
